// !$*UTF8*$!
{
	archiveVersion = 1;
	classes = {
	};
	objectVersion = 55;
	objects = {

/* Begin PBXBuildFile section */
		A191090A273B00BA00334242 /* AppDelegate.swift in Sources */ = {isa = PBXBuildFile; fileRef = A1910909273B00BA00334242 /* AppDelegate.swift */; };
		A191090C273B00BA00334242 /* SceneDelegate.swift in Sources */ = {isa = PBXBuildFile; fileRef = A191090B273B00BA00334242 /* SceneDelegate.swift */; };
		A1910911273B00BA00334242 /* Main.storyboard in Resources */ = {isa = PBXBuildFile; fileRef = A191090F273B00BA00334242 /* Main.storyboard */; };
		A1910913273B00BB00334242 /* Assets.xcassets in Resources */ = {isa = PBXBuildFile; fileRef = A1910912273B00BB00334242 /* Assets.xcassets */; };
		A1910916273B00BB00334242 /* LaunchScreen.storyboard in Resources */ = {isa = PBXBuildFile; fileRef = A1910914273B00BB00334242 /* LaunchScreen.storyboard */; };
		A191091E273B282E00334242 /* DetailContactsTableViewController.swift in Sources */ = {isa = PBXBuildFile; fileRef = A191091D273B282E00334242 /* DetailContactsTableViewController.swift */; };
		A1910920273B295E00334242 /* ContactsTableViewController.swift in Sources */ = {isa = PBXBuildFile; fileRef = A191091F273B295E00334242 /* ContactsTableViewController.swift */; };
		A1910922273B2C4600334242 /* DetailViewController.swift in Sources */ = {isa = PBXBuildFile; fileRef = A1910921273B2C4600334242 /* DetailViewController.swift */; };
		A1910924273B33C500334242 /* DataManager.swift in Sources */ = {isa = PBXBuildFile; fileRef = A1910923273B33C500334242 /* DataManager.swift */; };
		A1910926273B33D800334242 /* Person.swift in Sources */ = {isa = PBXBuildFile; fileRef = A1910925273B33D800334242 /* Person.swift */; };
		A1910928273B3AF200334242 /* PersonsTabBarController.swift in Sources */ = {isa = PBXBuildFile; fileRef = A1910927273B3AF200334242 /* PersonsTabBarController.swift */; };
/* End PBXBuildFile section */

/* Begin PBXFileReference section */
		A1910906273B00BA00334242 /* MamedowAK_2.7.app */ = {isa = PBXFileReference; explicitFileType = wrapper.application; includeInIndex = 0; path = MamedowAK_2.7.app; sourceTree = BUILT_PRODUCTS_DIR; };
		A1910909273B00BA00334242 /* AppDelegate.swift */ = {isa = PBXFileReference; lastKnownFileType = sourcecode.swift; path = AppDelegate.swift; sourceTree = "<group>"; };
		A191090B273B00BA00334242 /* SceneDelegate.swift */ = {isa = PBXFileReference; lastKnownFileType = sourcecode.swift; path = SceneDelegate.swift; sourceTree = "<group>"; };
		A1910910273B00BA00334242 /* Base */ = {isa = PBXFileReference; lastKnownFileType = file.storyboard; name = Base; path = Base.lproj/Main.storyboard; sourceTree = "<group>"; };
		A1910912273B00BB00334242 /* Assets.xcassets */ = {isa = PBXFileReference; lastKnownFileType = folder.assetcatalog; path = Assets.xcassets; sourceTree = "<group>"; };
		A1910915273B00BB00334242 /* Base */ = {isa = PBXFileReference; lastKnownFileType = file.storyboard; name = Base; path = Base.lproj/LaunchScreen.storyboard; sourceTree = "<group>"; };
		A1910917273B00BB00334242 /* Info.plist */ = {isa = PBXFileReference; lastKnownFileType = text.plist.xml; path = Info.plist; sourceTree = "<group>"; };
		A191091D273B282E00334242 /* DetailContactsTableViewController.swift */ = {isa = PBXFileReference; lastKnownFileType = sourcecode.swift; path = DetailContactsTableViewController.swift; sourceTree = "<group>"; };
		A191091F273B295E00334242 /* ContactsTableViewController.swift */ = {isa = PBXFileReference; lastKnownFileType = sourcecode.swift; path = ContactsTableViewController.swift; sourceTree = "<group>"; };
		A1910921273B2C4600334242 /* DetailViewController.swift */ = {isa = PBXFileReference; lastKnownFileType = sourcecode.swift; path = DetailViewController.swift; sourceTree = "<group>"; };
		A1910923273B33C500334242 /* DataManager.swift */ = {isa = PBXFileReference; lastKnownFileType = sourcecode.swift; path = DataManager.swift; sourceTree = "<group>"; };
		A1910925273B33D800334242 /* Person.swift */ = {isa = PBXFileReference; lastKnownFileType = sourcecode.swift; path = Person.swift; sourceTree = "<group>"; };
		A1910927273B3AF200334242 /* PersonsTabBarController.swift */ = {isa = PBXFileReference; lastKnownFileType = sourcecode.swift; path = PersonsTabBarController.swift; sourceTree = "<group>"; };
/* End PBXFileReference section */

/* Begin PBXFrameworksBuildPhase section */
		A1910903273B00BA00334242 /* Frameworks */ = {
			isa = PBXFrameworksBuildPhase;
			buildActionMask = 2147483647;
			files = (
			);
			runOnlyForDeploymentPostprocessing = 0;
		};
/* End PBXFrameworksBuildPhase section */

/* Begin PBXGroup section */
		A19108FD273B00B900334242 = {
			isa = PBXGroup;
			children = (
				A1910908273B00BA00334242 /* MamedowAK_2.7 */,
				A1910907273B00BA00334242 /* Products */,
			);
			sourceTree = "<group>";
		};
		A1910907273B00BA00334242 /* Products */ = {
			isa = PBXGroup;
			children = (
				A1910906273B00BA00334242 /* MamedowAK_2.7.app */,
			);
			name = Products;
			sourceTree = "<group>";
		};
		A1910908273B00BA00334242 /* MamedowAK_2.7 */ = {
			isa = PBXGroup;
			children = (
				A1910909273B00BA00334242 /* AppDelegate.swift */,
				A191090B273B00BA00334242 /* SceneDelegate.swift */,
				A191091F273B295E00334242 /* ContactsTableViewController.swift */,
				A191091D273B282E00334242 /* DetailContactsTableViewController.swift */,
				A1910921273B2C4600334242 /* DetailViewController.swift */,
				A1910927273B3AF200334242 /* PersonsTabBarController.swift */,
				A191090F273B00BA00334242 /* Main.storyboard */,
				A1910923273B33C500334242 /* DataManager.swift */,
				A1910925273B33D800334242 /* Person.swift */,
				A1910912273B00BB00334242 /* Assets.xcassets */,
				A1910914273B00BB00334242 /* LaunchScreen.storyboard */,
				A1910917273B00BB00334242 /* Info.plist */,
			);
			path = MamedowAK_2.7;
			sourceTree = "<group>";
		};
/* End PBXGroup section */

/* Begin PBXNativeTarget section */
		A1910905273B00BA00334242 /* MamedowAK_2.7 */ = {
			isa = PBXNativeTarget;
			buildConfigurationList = A191091A273B00BB00334242 /* Build configuration list for PBXNativeTarget "MamedowAK_2.7" */;
			buildPhases = (
				A1910902273B00BA00334242 /* Sources */,
				A1910903273B00BA00334242 /* Frameworks */,
				A1910904273B00BA00334242 /* Resources */,
			);
			buildRules = (
			);
			dependencies = (
			);
			name = MamedowAK_2.7;
			productName = MamedowAK_2.7;
			productReference = A1910906273B00BA00334242 /* MamedowAK_2.7.app */;
			productType = "com.apple.product-type.application";
		};
/* End PBXNativeTarget section */

/* Begin PBXProject section */
		A19108FE273B00B900334242 /* Project object */ = {
			isa = PBXProject;
			attributes = {
				BuildIndependentTargetsInParallel = 1;
				LastSwiftUpdateCheck = 1310;
				LastUpgradeCheck = 1310;
				TargetAttributes = {
					A1910905273B00BA00334242 = {
						CreatedOnToolsVersion = 13.1;
					};
				};
			};
			buildConfigurationList = A1910901273B00B900334242 /* Build configuration list for PBXProject "MamedowAK_2.7" */;
			compatibilityVersion = "Xcode 13.0";
			developmentRegion = en;
			hasScannedForEncodings = 0;
			knownRegions = (
				en,
				Base,
			);
			mainGroup = A19108FD273B00B900334242;
			productRefGroup = A1910907273B00BA00334242 /* Products */;
			projectDirPath = "";
			projectRoot = "";
			targets = (
				A1910905273B00BA00334242 /* MamedowAK_2.7 */,
			);
		};
/* End PBXProject section */

/* Begin PBXResourcesBuildPhase section */
		A1910904273B00BA00334242 /* Resources */ = {
			isa = PBXResourcesBuildPhase;
			buildActionMask = 2147483647;
			files = (
				A1910916273B00BB00334242 /* LaunchScreen.storyboard in Resources */,
				A1910913273B00BB00334242 /* Assets.xcassets in Resources */,
				A1910911273B00BA00334242 /* Main.storyboard in Resources */,
			);
			runOnlyForDeploymentPostprocessing = 0;
		};
/* End PBXResourcesBuildPhase section */

/* Begin PBXSourcesBuildPhase section */
		A1910902273B00BA00334242 /* Sources */ = {
			isa = PBXSourcesBuildPhase;
			buildActionMask = 2147483647;
			files = (
				A191090A273B00BA00334242 /* AppDelegate.swift in Sources */,
				A1910924273B33C500334242 /* DataManager.swift in Sources */,
				A1910928273B3AF200334242 /* PersonsTabBarController.swift in Sources */,
				A191090C273B00BA00334242 /* SceneDelegate.swift in Sources */,
				A1910922273B2C4600334242 /* DetailViewController.swift in Sources */,
				A1910926273B33D800334242 /* Person.swift in Sources */,
				A1910920273B295E00334242 /* ContactsTableViewController.swift in Sources */,
				A191091E273B282E00334242 /* DetailContactsTableViewController.swift in Sources */,
			);
			runOnlyForDeploymentPostprocessing = 0;
		};
/* End PBXSourcesBuildPhase section */

/* Begin PBXVariantGroup section */
		A191090F273B00BA00334242 /* Main.storyboard */ = {
			isa = PBXVariantGroup;
			children = (
				A1910910273B00BA00334242 /* Base */,
			);
			name = Main.storyboard;
			sourceTree = "<group>";
		};
		A1910914273B00BB00334242 /* LaunchScreen.storyboard */ = {
			isa = PBXVariantGroup;
			children = (
				A1910915273B00BB00334242 /* Base */,
			);
			name = LaunchScreen.storyboard;
			sourceTree = "<group>";
		};
/* End PBXVariantGroup section */

/* Begin XCBuildConfiguration section */
		A1910918273B00BB00334242 /* Debug */ = {
			isa = XCBuildConfiguration;
			buildSettings = {
				ALWAYS_SEARCH_USER_PATHS = NO;
				CLANG_ANALYZER_NONNULL = YES;
				CLANG_ANALYZER_NUMBER_OBJECT_CONVERSION = YES_AGGRESSIVE;
				CLANG_CXX_LANGUAGE_STANDARD = "gnu++17";
				CLANG_CXX_LIBRARY = "libc++";
				CLANG_ENABLE_MODULES = YES;
				CLANG_ENABLE_OBJC_ARC = YES;
				CLANG_ENABLE_OBJC_WEAK = YES;
				CLANG_WARN_BLOCK_CAPTURE_AUTORELEASING = YES;
				CLANG_WARN_BOOL_CONVERSION = YES;
				CLANG_WARN_COMMA = YES;
				CLANG_WARN_CONSTANT_CONVERSION = YES;
				CLANG_WARN_DEPRECATED_OBJC_IMPLEMENTATIONS = YES;
				CLANG_WARN_DIRECT_OBJC_ISA_USAGE = YES_ERROR;
				CLANG_WARN_DOCUMENTATION_COMMENTS = YES;
				CLANG_WARN_EMPTY_BODY = YES;
				CLANG_WARN_ENUM_CONVERSION = YES;
				CLANG_WARN_INFINITE_RECURSION = YES;
				CLANG_WARN_INT_CONVERSION = YES;
				CLANG_WARN_NON_LITERAL_NULL_CONVERSION = YES;
				CLANG_WARN_OBJC_IMPLICIT_RETAIN_SELF = YES;
				CLANG_WARN_OBJC_LITERAL_CONVERSION = YES;
				CLANG_WARN_OBJC_ROOT_CLASS = YES_ERROR;
				CLANG_WARN_QUOTED_INCLUDE_IN_FRAMEWORK_HEADER = YES;
				CLANG_WARN_RANGE_LOOP_ANALYSIS = YES;
				CLANG_WARN_STRICT_PROTOTYPES = YES;
				CLANG_WARN_SUSPICIOUS_MOVE = YES;
				CLANG_WARN_UNGUARDED_AVAILABILITY = YES_AGGRESSIVE;
				CLANG_WARN_UNREACHABLE_CODE = YES;
				CLANG_WARN__DUPLICATE_METHOD_MATCH = YES;
				COPY_PHASE_STRIP = NO;
				DEBUG_INFORMATION_FORMAT = dwarf;
				ENABLE_STRICT_OBJC_MSGSEND = YES;
				ENABLE_TESTABILITY = YES;
				GCC_C_LANGUAGE_STANDARD = gnu11;
				GCC_DYNAMIC_NO_PIC = NO;
				GCC_NO_COMMON_BLOCKS = YES;
				GCC_OPTIMIZATION_LEVEL = 0;
				GCC_PREPROCESSOR_DEFINITIONS = (
					"DEBUG=1",
					"$(inherited)",
				);
				GCC_WARN_64_TO_32_BIT_CONVERSION = YES;
				GCC_WARN_ABOUT_RETURN_TYPE = YES_ERROR;
				GCC_WARN_UNDECLARED_SELECTOR = YES;
				GCC_WARN_UNINITIALIZED_AUTOS = YES_AGGRESSIVE;
				GCC_WARN_UNUSED_FUNCTION = YES;
				GCC_WARN_UNUSED_VARIABLE = YES;
				IPHONEOS_DEPLOYMENT_TARGET = 15.0;
				MTL_ENABLE_DEBUG_INFO = INCLUDE_SOURCE;
				MTL_FAST_MATH = YES;
				ONLY_ACTIVE_ARCH = YES;
				SDKROOT = iphoneos;
				SWIFT_ACTIVE_COMPILATION_CONDITIONS = DEBUG;
				SWIFT_OPTIMIZATION_LEVEL = "-Onone";
			};
			name = Debug;
		};
		A1910919273B00BB00334242 /* Release */ = {
			isa = XCBuildConfiguration;
			buildSettings = {
				ALWAYS_SEARCH_USER_PATHS = NO;
				CLANG_ANALYZER_NONNULL = YES;
				CLANG_ANALYZER_NUMBER_OBJECT_CONVERSION = YES_AGGRESSIVE;
				CLANG_CXX_LANGUAGE_STANDARD = "gnu++17";
				CLANG_CXX_LIBRARY = "libc++";
				CLANG_ENABLE_MODULES = YES;
				CLANG_ENABLE_OBJC_ARC = YES;
				CLANG_ENABLE_OBJC_WEAK = YES;
				CLANG_WARN_BLOCK_CAPTURE_AUTORELEASING = YES;
				CLANG_WARN_BOOL_CONVERSION = YES;
				CLANG_WARN_COMMA = YES;
				CLANG_WARN_CONSTANT_CONVERSION = YES;
				CLANG_WARN_DEPRECATED_OBJC_IMPLEMENTATIONS = YES;
				CLANG_WARN_DIRECT_OBJC_ISA_USAGE = YES_ERROR;
				CLANG_WARN_DOCUMENTATION_COMMENTS = YES;
				CLANG_WARN_EMPTY_BODY = YES;
				CLANG_WARN_ENUM_CONVERSION = YES;
				CLANG_WARN_INFINITE_RECURSION = YES;
				CLANG_WARN_INT_CONVERSION = YES;
				CLANG_WARN_NON_LITERAL_NULL_CONVERSION = YES;
				CLANG_WARN_OBJC_IMPLICIT_RETAIN_SELF = YES;
				CLANG_WARN_OBJC_LITERAL_CONVERSION = YES;
				CLANG_WARN_OBJC_ROOT_CLASS = YES_ERROR;
				CLANG_WARN_QUOTED_INCLUDE_IN_FRAMEWORK_HEADER = YES;
				CLANG_WARN_RANGE_LOOP_ANALYSIS = YES;
				CLANG_WARN_STRICT_PROTOTYPES = YES;
				CLANG_WARN_SUSPICIOUS_MOVE = YES;
				CLANG_WARN_UNGUARDED_AVAILABILITY = YES_AGGRESSIVE;
				CLANG_WARN_UNREACHABLE_CODE = YES;
				CLANG_WARN__DUPLICATE_METHOD_MATCH = YES;
				COPY_PHASE_STRIP = NO;
				DEBUG_INFORMATION_FORMAT = "dwarf-with-dsym";
				ENABLE_NS_ASSERTIONS = NO;
				ENABLE_STRICT_OBJC_MSGSEND = YES;
				GCC_C_LANGUAGE_STANDARD = gnu11;
				GCC_NO_COMMON_BLOCKS = YES;
				GCC_WARN_64_TO_32_BIT_CONVERSION = YES;
				GCC_WARN_ABOUT_RETURN_TYPE = YES_ERROR;
				GCC_WARN_UNDECLARED_SELECTOR = YES;
				GCC_WARN_UNINITIALIZED_AUTOS = YES_AGGRESSIVE;
				GCC_WARN_UNUSED_FUNCTION = YES;
				GCC_WARN_UNUSED_VARIABLE = YES;
				IPHONEOS_DEPLOYMENT_TARGET = 15.0;
				MTL_ENABLE_DEBUG_INFO = NO;
				MTL_FAST_MATH = YES;
				SDKROOT = iphoneos;
				SWIFT_COMPILATION_MODE = wholemodule;
				SWIFT_OPTIMIZATION_LEVEL = "-O";
				VALIDATE_PRODUCT = YES;
			};
			name = Release;
		};
		A191091B273B00BB00334242 /* Debug */ = {
			isa = XCBuildConfiguration;
			buildSettings = {
				ASSETCATALOG_COMPILER_APPICON_NAME = AppIcon;
				ASSETCATALOG_COMPILER_GLOBAL_ACCENT_COLOR_NAME = AccentColor;
				CODE_SIGN_STYLE = Automatic;
				CURRENT_PROJECT_VERSION = 1;
				DEVELOPMENT_TEAM = J5Y672C9K8;
				GENERATE_INFOPLIST_FILE = YES;
				INFOPLIST_FILE = MamedowAK_2.7/Info.plist;
				INFOPLIST_KEY_UIApplicationSupportsIndirectInputEvents = YES;
				INFOPLIST_KEY_UILaunchStoryboardName = LaunchScreen;
				INFOPLIST_KEY_UIMainStoryboardFile = Main;
				INFOPLIST_KEY_UISupportedInterfaceOrientations_iPad = "UIInterfaceOrientationPortrait UIInterfaceOrientationPortraitUpsideDown UIInterfaceOrientationLandscapeLeft UIInterfaceOrientationLandscapeRight";
				INFOPLIST_KEY_UISupportedInterfaceOrientations_iPhone = "UIInterfaceOrientationPortrait UIInterfaceOrientationLandscapeLeft UIInterfaceOrientationLandscapeRight";
				LD_RUNPATH_SEARCH_PATHS = (
					"$(inherited)",
					"@executable_path/Frameworks",
				);
				MARKETING_VERSION = 1.0;
				PRODUCT_BUNDLE_IDENTIFIER = "FLX007.MamedowAK-2-7";
				PRODUCT_NAME = "$(TARGET_NAME)";
				SWIFT_EMIT_LOC_STRINGS = YES;
				SWIFT_VERSION = 5.0;
				TARGETED_DEVICE_FAMILY = 1;
			};
			name = Debug;
		};
		A191091C273B00BB00334242 /* Release */ = {
			isa = XCBuildConfiguration;
			buildSettings = {
				ASSETCATALOG_COMPILER_APPICON_NAME = AppIcon;
				ASSETCATALOG_COMPILER_GLOBAL_ACCENT_COLOR_NAME = AccentColor;
				CODE_SIGN_STYLE = Automatic;
				CURRENT_PROJECT_VERSION = 1;
				DEVELOPMENT_TEAM = J5Y672C9K8;
				GENERATE_INFOPLIST_FILE = YES;
				INFOPLIST_FILE = MamedowAK_2.7/Info.plist;
				INFOPLIST_KEY_UIApplicationSupportsIndirectInputEvents = YES;
				INFOPLIST_KEY_UILaunchStoryboardName = LaunchScreen;
				INFOPLIST_KEY_UIMainStoryboardFile = Main;
				INFOPLIST_KEY_UISupportedInterfaceOrientations_iPad = "UIInterfaceOrientationPortrait UIInterfaceOrientationPortraitUpsideDown UIInterfaceOrientationLandscapeLeft UIInterfaceOrientationLandscapeRight";
				INFOPLIST_KEY_UISupportedInterfaceOrientations_iPhone = "UIInterfaceOrientationPortrait UIInterfaceOrientationLandscapeLeft UIInterfaceOrientationLandscapeRight";
				LD_RUNPATH_SEARCH_PATHS = (
					"$(inherited)",
					"@executable_path/Frameworks",
				);
				MARKETING_VERSION = 1.0;
				PRODUCT_BUNDLE_IDENTIFIER = "FLX007.MamedowAK-2-7";
				PRODUCT_NAME = "$(TARGET_NAME)";
				SWIFT_EMIT_LOC_STRINGS = YES;
				SWIFT_VERSION = 5.0;
				TARGETED_DEVICE_FAMILY = 1;
			};
			name = Release;
		};
/* End XCBuildConfiguration section */

/* Begin XCConfigurationList section */
		A1910901273B00B900334242 /* Build configuration list for PBXProject "MamedowAK_2.7" */ = {
			isa = XCConfigurationList;
			buildConfigurations = (
				A1910918273B00BB00334242 /* Debug */,
				A1910919273B00BB00334242 /* Release */,
			);
			defaultConfigurationIsVisible = 0;
			defaultConfigurationName = Release;
		};
		A191091A273B00BB00334242 /* Build configuration list for PBXNativeTarget "MamedowAK_2.7" */ = {
			isa = XCConfigurationList;
			buildConfigurations = (
				A191091B273B00BB00334242 /* Debug */,
				A191091C273B00BB00334242 /* Release */,
			);
			defaultConfigurationIsVisible = 0;
			defaultConfigurationName = Release;
		};
/* End XCConfigurationList section */
	};
	rootObject = A19108FE273B00B900334242 /* Project object */;
}
